
Microsoft Visual Studio Solution File, Format Version 12.00
# Visual Studio Version 16
VisualStudioVersion = 16.0.29509.3
MinimumVisualStudioVersion = 10.0.40219.1
Project("{9A19103F-16F7-4668-BE54-9A1E7A4F7556}") = "NetCoreConf.BCN.API", "NetCoreConf.BCN.API\NetCoreConf.BCN.API.csproj", "{9DECF82B-96D4-4D33-A7F1-FEB7D7C69F7F}"
EndProject
Global
	GlobalSection(SolutionConfigurationPlatforms) = preSolution
		Debug|Any CPU = Debug|Any CPU
		Release|Any CPU = Release|Any CPU
	EndGlobalSection
	GlobalSection(ProjectConfigurationPlatforms) = postSolution
		{9DECF82B-96D4-4D33-A7F1-FEB7D7C69F7F}.Debug|Any CPU.ActiveCfg = Debug|Any CPU
		{9DECF82B-96D4-4D33-A7F1-FEB7D7C69F7F}.Debug|Any CPU.Build.0 = Debug|Any CPU
		{9DECF82B-96D4-4D33-A7F1-FEB7D7C69F7F}.Release|Any CPU.ActiveCfg = Release|Any CPU
		{9DECF82B-96D4-4D33-A7F1-FEB7D7C69F7F}.Release|Any CPU.Build.0 = Release|Any CPU
	EndGlobalSection
	GlobalSection(SolutionProperties) = preSolution
		HideSolutionNode = FALSE
	EndGlobalSection
	GlobalSection(ExtensibilityGlobals) = postSolution
		SolutionGuid = {99B6CB93-FA32-43C4-9FDA-A9843D10272D}
	EndGlobalSection
EndGlobal
